<?xml version="1.0" encoding="utf-8"?>
<Project ToolsVersion="4.0" xmlns="http://schemas.microsoft.com/developer/msbuild/2003">
  <ItemGroup>
    <Filter Include="Protocol">
      <UniqueIdentifier>{3f4884eb-6c81-4ebf-a309-fbe3dd4019ca}</UniqueIdentifier>
    </Filter>
    <Filter Include="Inclusion">
      <UniqueIdentifier>{faf9c105-a4ea-4cf5-9b41-f705cd0d13a0}</UniqueIdentifier>
    </Filter>
    <Filter Include="Main">
      <UniqueIdentifier>{9ca666cd-49bf-4282-ae38-1f5ed72e78df}</UniqueIdentifier>
    </Filter>
    <Filter Include="Contents">
      <UniqueIdentifier>{74ec59be-54be-4fe7-aafc-1d57f9e6f42d}</UniqueIdentifier>
    </Filter>
    <Filter Include="Utils">
      <UniqueIdentifier>{61f99dab-3478-4f28-9d38-863e737ce338}</UniqueIdentifier>
    </Filter>
    <Filter Include="Protocol\Proto">
      <UniqueIdentifier>{a268a71d-5e4f-4527-8266-b1032ba59b14}</UniqueIdentifier>
    </Filter>
    <Filter Include="Contents\MonsterAI">
      <UniqueIdentifier>{a51f0fbf-3965-4675-8749-319838dea997}</UniqueIdentifier>
    </Filter>
  </ItemGroup>
  <ItemGroup>
    <ClCompile Include="Codes\Contents\Creature.cpp">
      <Filter>Contents</Filter>
    </ClCompile>
    <ClCompile Include="Codes\Contents\Monster.cpp">
      <Filter>Contents</Filter>
    </ClCompile>
    <ClCompile Include="Codes\Contents\Object.cpp">
      <Filter>Contents</Filter>
    </ClCompile>
    <ClCompile Include="Codes\Contents\Player.cpp">
      <Filter>Contents</Filter>
    </ClCompile>
    <ClCompile Include="Codes\Contents\Room.cpp">
      <Filter>Contents</Filter>
    </ClCompile>
    <ClCompile Include="Codes\Main\GameSession.cpp">
      <Filter>Main</Filter>
    </ClCompile>
    <ClCompile Include="Codes\Main\Server.cpp">
      <Filter>Main</Filter>
    </ClCompile>
    <ClCompile Include="Codes\Main\ServerPacketHandler.cpp">
      <Filter>Main</Filter>
    </ClCompile>
    <ClCompile Include="Codes\Protocol\Enum.pb.cc">
      <Filter>Protocol</Filter>
    </ClCompile>
    <ClCompile Include="Codes\Protocol\Protocol.pb.cc">
      <Filter>Protocol</Filter>
    </ClCompile>
    <ClCompile Include="Codes\Protocol\Struct.pb.cc">
      <Filter>Protocol</Filter>
    </ClCompile>
    <ClCompile Include="Codes\Utils\ObjectUtils.cpp">
      <Filter>Utils</Filter>
    </ClCompile>
    <ClCompile Include="Codes\Utils\Utils.cpp">
      <Filter>Utils</Filter>
    </ClCompile>
    <ClCompile Include="Codes\Utils\Vector3.cpp">
      <Filter>Utils</Filter>
    </ClCompile>
    <ClCompile Include="Codes\Contents\MonsterAI\BehaviorTree.cpp">
      <Filter>Contents\MonsterAI</Filter>
    </ClCompile>
    <ClCompile Include="Codes\Contents\MonsterAI\Brain.cpp">
      <Filter>Contents\MonsterAI</Filter>
    </ClCompile>
    <ClCompile Include="Codes\Inclusion\pch.cpp">
      <Filter>Inclusion</Filter>
    </ClCompile>
  </ItemGroup>
  <ItemGroup>
    <ClInclude Include="Codes\Contents\Creature.h">
      <Filter>Contents</Filter>
    </ClInclude>
    <ClInclude Include="Codes\Contents\Monster.h">
      <Filter>Contents</Filter>
    </ClInclude>
    <ClInclude Include="Codes\Contents\Object.h">
      <Filter>Contents</Filter>
    </ClInclude>
    <ClInclude Include="Codes\Contents\Player.h">
      <Filter>Contents</Filter>
    </ClInclude>
    <ClInclude Include="Codes\Contents\Room.h">
      <Filter>Contents</Filter>
    </ClInclude>
    <ClInclude Include="Codes\Main\GameSession.h">
      <Filter>Main</Filter>
    </ClInclude>
    <ClInclude Include="Codes\Main\ServerPacketHandler.h">
      <Filter>Main</Filter>
    </ClInclude>
    <ClInclude Include="Codes\Protocol\Enum.pb.h">
      <Filter>Protocol</Filter>
    </ClInclude>
    <ClInclude Include="Codes\Protocol\Protocol.pb.h">
      <Filter>Protocol</Filter>
    </ClInclude>
    <ClInclude Include="Codes\Protocol\Struct.pb.h">
      <Filter>Protocol</Filter>
    </ClInclude>
    <ClInclude Include="Codes\Utils\ObjectUtils.h">
      <Filter>Utils</Filter>
    </ClInclude>
    <ClInclude Include="Codes\Utils\Utils.h">
      <Filter>Utils</Filter>
    </ClInclude>
    <ClInclude Include="Codes\Utils\Vector3.h">
      <Filter>Utils</Filter>
    </ClInclude>
    <ClInclude Include="Codes\Contents\MonsterAI\BehaviorTree.h">
      <Filter>Contents\MonsterAI</Filter>
    </ClInclude>
    <ClInclude Include="Codes\Contents\MonsterAI\Brain.h">
      <Filter>Contents\MonsterAI</Filter>
    </ClInclude>
    <ClInclude Include="Codes\Inclusion\pch.h">
      <Filter>Inclusion</Filter>
    </ClInclude>
  </ItemGroup>
  <ItemGroup>
    <None Include="Tools\PacketGenerator\GenPacket.bat">
      <Filter>Protocol</Filter>
    </None>
    <None Include="Tools\PacketGenerator\Enum.proto">
      <Filter>Protocol\Proto</Filter>
    </None>
    <None Include="Tools\PacketGenerator\Protocol.proto">
      <Filter>Protocol\Proto</Filter>
    </None>
    <None Include="Tools\PacketGenerator\Struct.proto">
      <Filter>Protocol\Proto</Filter>
    </None>
  </ItemGroup>
</Project>